<Solution>
  <Folder Name="/src/">
    <Project Path="src/Scootly.Api/Scootly.Api.csproj" />
    <Project Path="src/Scootly.Application/Scootly.Application.csproj" />
    <Project Path="src/Scootly.Domain/Scootly.Domain.csproj" />
    <Project Path="src/Scootly.Infrastructure/Scootly.Infrastructure.csproj" />
  </Folder>
  <Folder Name="/tests/">
    <Project Path="tests/Scootly.Api.IntegrationTests/Scootly.Api.IntegrationTests.csproj" />
    <Project Path="tests/Scootly.Domain.UnitTests/Scootly.Domain.UnitTests.csproj" />
  </Folder>
</Solution>
